
Microsoft Visual Studio Solution File, Format Version 12.00
# Visual Studio 2012
Project("{FAE04EC0-301F-11D3-BF4B-00C04F79EFBC}") = "oop", "oop\oop.csproj", "{E5467586-6734-4F10-907D-311FA417C881}"
EndProject
Project("{FAE04EC0-301F-11D3-BF4B-00C04F79EFBC}") = "Windows", "Windows\Windows.csproj", "{B4229D04-7C8C-43A6-9D20-A9F6E90D3A4D}"
EndProject
Project("{FAE04EC0-301F-11D3-BF4B-00C04F79EFBC}") = "ConsoleUI", "ConsoleUI\ConsoleUI.csproj", "{8771534B-2F88-4E9D-B825-A78A843B488E}"
EndProject
Global
	GlobalSection(SolutionConfigurationPlatforms) = preSolution
		Debug|Any CPU = Debug|Any CPU
		Release|Any CPU = Release|Any CPU
	EndGlobalSection
	GlobalSection(ProjectConfigurationPlatforms) = postSolution
		{E5467586-6734-4F10-907D-311FA417C881}.Debug|Any CPU.ActiveCfg = Debug|Any CPU
		{E5467586-6734-4F10-907D-311FA417C881}.Debug|Any CPU.Build.0 = Debug|Any CPU
		{E5467586-6734-4F10-907D-311FA417C881}.Release|Any CPU.ActiveCfg = Release|Any CPU
		{E5467586-6734-4F10-907D-311FA417C881}.Release|Any CPU.Build.0 = Release|Any CPU
		{B4229D04-7C8C-43A6-9D20-A9F6E90D3A4D}.Debug|Any CPU.ActiveCfg = Debug|Any CPU
		{B4229D04-7C8C-43A6-9D20-A9F6E90D3A4D}.Debug|Any CPU.Build.0 = Debug|Any CPU
		{B4229D04-7C8C-43A6-9D20-A9F6E90D3A4D}.Release|Any CPU.ActiveCfg = Release|Any CPU
		{B4229D04-7C8C-43A6-9D20-A9F6E90D3A4D}.Release|Any CPU.Build.0 = Release|Any CPU
		{8771534B-2F88-4E9D-B825-A78A843B488E}.Debug|Any CPU.ActiveCfg = Debug|Any CPU
		{8771534B-2F88-4E9D-B825-A78A843B488E}.Debug|Any CPU.Build.0 = Debug|Any CPU
		{8771534B-2F88-4E9D-B825-A78A843B488E}.Release|Any CPU.ActiveCfg = Release|Any CPU
		{8771534B-2F88-4E9D-B825-A78A843B488E}.Release|Any CPU.Build.0 = Release|Any CPU
	EndGlobalSection
	GlobalSection(SolutionProperties) = preSolution
		HideSolutionNode = FALSE
	EndGlobalSection
EndGlobal
